// !$*UTF8*$!
{
	archiveVersion = 1;
	classes = {
	};
	objectVersion = 77;
	objects = {

/* Begin PBXBuildFile section */
		2C1F740D2F4E1C6600158D3A /* Alamofire in Frameworks */ = {isa = PBXBuildFile; productRef = 2C1F740C2F4E1C6600158D3A /* Alamofire */; };
		2C1F76042F549DB600158D3A /* Kingfisher in Frameworks */ = {isa = PBXBuildFile; productRef = 2C1F76032F549DB600158D3A /* Kingfisher */; };
		2CFBDADF2F80259A000E4A09 /* FirebaseAuth in Frameworks */ = {isa = PBXBuildFile; productRef = 2CFBDADE2F80259A000E4A09 /* FirebaseAuth */; };
		2CFBDAE12F80259A000E4A09 /* FirebaseCore in Frameworks */ = {isa = PBXBuildFile; productRef = 2CFBDAE02F80259A000E4A09 /* FirebaseCore */; };
		2CFBDAE32F80259A000E4A09 /* FirebaseCrashlytics in Frameworks */ = {isa = PBXBuildFile; productRef = 2CFBDAE22F80259A000E4A09 /* FirebaseCrashlytics */; };
		2CFBDAE52F80259A000E4A09 /* FirebaseDatabase in Frameworks */ = {isa = PBXBuildFile; productRef = 2CFBDAE42F80259A000E4A09 /* FirebaseDatabase */; };
		2CFBDAE72F80259A000E4A09 /* FirebaseFirestore in Frameworks */ = {isa = PBXBuildFile; productRef = 2CFBDAE62F80259A000E4A09 /* FirebaseFirestore */; };
		2CFBDAE92F80259A000E4A09 /* FirebaseStorage in Frameworks */ = {isa = PBXBuildFile; productRef = 2CFBDAE82F80259A000E4A09 /* FirebaseStorage */; };
		2CFBDBB82F8066A9000E4A09 /* GoogleSignIn in Frameworks */ = {isa = PBXBuildFile; productRef = 2CFBDBB72F8066A9000E4A09 /* GoogleSignIn */; };
/* End PBXBuildFile section */

/* Begin PBXContainerItemProxy section */
		2CFBD83F2F7947FE000E4A09 /* PBXContainerItemProxy */ = {
			isa = PBXContainerItemProxy;
			containerPortal = 2C1F71F72F4993CF00158D3A /* Project object */;
			proxyType = 1;
			remoteGlobalIDString = 2C1F71FE2F4993CF00158D3A;
			remoteInfo = Lumora;
		};
		2CFBD84C2F794C4C000E4A09 /* PBXContainerItemProxy */ = {
			isa = PBXContainerItemProxy;
			containerPortal = 2C1F71F72F4993CF00158D3A /* Project object */;
			proxyType = 1;
			remoteGlobalIDString = 2C1F71FE2F4993CF00158D3A;
			remoteInfo = Lumora;
		};
/* End PBXContainerItemProxy section */

/* Begin PBXFileReference section */
		2C1F71FF2F4993CF00158D3A /* Lumora.app */ = {isa = PBXFileReference; explicitFileType = wrapper.application; includeInIndex = 0; path = Lumora.app; sourceTree = BUILT_PRODUCTS_DIR; };
		2CFBD83B2F7947FE000E4A09 /* LumoraUITests.xctest */ = {isa = PBXFileReference; explicitFileType = wrapper.cfbundle; includeInIndex = 0; path = LumoraUITests.xctest; sourceTree = BUILT_PRODUCTS_DIR; };
		2CFBD8482F794C4C000E4A09 /* LumoraTests.xctest */ = {isa = PBXFileReference; explicitFileType = wrapper.cfbundle; includeInIndex = 0; path = LumoraTests.xctest; sourceTree = BUILT_PRODUCTS_DIR; };
/* End PBXFileReference section */

/* Begin PBXFileSystemSynchronizedBuildFileExceptionSet section */
		2C1F72112F4993D000158D3A /* Exceptions for "Lumora" folder in "Lumora" target */ = {
			isa = PBXFileSystemSynchronizedBuildFileExceptionSet;
			membershipExceptions = (
				Info.plist,
			);
			target = 2C1F71FE2F4993CF00158D3A /* Lumora */;
		};
/* End PBXFileSystemSynchronizedBuildFileExceptionSet section */

/* Begin PBXFileSystemSynchronizedRootGroup section */
		2C1F72012F4993CF00158D3A /* Lumora */ = {
			isa = PBXFileSystemSynchronizedRootGroup;
			exceptions = (
				2C1F72112F4993D000158D3A /* Exceptions for "Lumora" folder in "Lumora" target */,
			);
			path = Lumora;
			sourceTree = "<group>";
		};
		2CFBD8492F794C4C000E4A09 /* LumoraTests */ = {
			isa = PBXFileSystemSynchronizedRootGroup;
			path = LumoraTests;
			sourceTree = "<group>";
		};
/* End PBXFileSystemSynchronizedRootGroup section */

/* Begin PBXFrameworksBuildPhase section */
		2C1F71FC2F4993CF00158D3A /* Frameworks */ = {
			isa = PBXFrameworksBuildPhase;
			buildActionMask = 2147483647;
			files = (
				2CFBDAE52F80259A000E4A09 /* FirebaseDatabase in Frameworks */,
				2C1F76042F549DB600158D3A /* Kingfisher in Frameworks */,
				2CFBDADF2F80259A000E4A09 /* FirebaseAuth in Frameworks */,
				2CFBDAE32F80259A000E4A09 /* FirebaseCrashlytics in Frameworks */,
				2CFBDAE12F80259A000E4A09 /* FirebaseCore in Frameworks */,
				2CFBDAE92F80259A000E4A09 /* FirebaseStorage in Frameworks */,
				2C1F740D2F4E1C6600158D3A /* Alamofire in Frameworks */,
				2CFBDAE72F80259A000E4A09 /* FirebaseFirestore in Frameworks */,
				2CFBDBB82F8066A9000E4A09 /* GoogleSignIn in Frameworks */,
			);
			runOnlyForDeploymentPostprocessing = 0;
		};
		2CFBD8382F7947FE000E4A09 /* Frameworks */ = {
			isa = PBXFrameworksBuildPhase;
			buildActionMask = 2147483647;
			files = (
			);
			runOnlyForDeploymentPostprocessing = 0;
		};
		2CFBD8452F794C4C000E4A09 /* Frameworks */ = {
			isa = PBXFrameworksBuildPhase;
			buildActionMask = 2147483647;
			files = (
			);
			runOnlyForDeploymentPostprocessing = 0;
		};
/* End PBXFrameworksBuildPhase section */

/* Begin PBXGroup section */
		2C1F71F62F4993CF00158D3A = {
			isa = PBXGroup;
			children = (
				2C1F72012F4993CF00158D3A /* Lumora */,
				2CFBD8492F794C4C000E4A09 /* LumoraTests */,
				2C1F72002F4993CF00158D3A /* Products */,
			);
			sourceTree = "<group>";
		};
		2C1F72002F4993CF00158D3A /* Products */ = {
			isa = PBXGroup;
			children = (
				2C1F71FF2F4993CF00158D3A /* Lumora.app */,
				2CFBD83B2F7947FE000E4A09 /* LumoraUITests.xctest */,
				2CFBD8482F794C4C000E4A09 /* LumoraTests.xctest */,
			);
			name = Products;
			sourceTree = "<group>";
		};
/* End PBXGroup section */

/* Begin PBXNativeTarget section */
		2C1F71FE2F4993CF00158D3A /* Lumora */ = {
			isa = PBXNativeTarget;
			buildConfigurationList = 2C1F72122F4993D000158D3A /* Build configuration list for PBXNativeTarget "Lumora" */;
			buildPhases = (
				2C1F71FB2F4993CF00158D3A /* Sources */,
				2C1F71FC2F4993CF00158D3A /* Frameworks */,
				2C1F71FD2F4993CF00158D3A /* Resources */,
			);
			buildRules = (
			);
			dependencies = (
			);
			fileSystemSynchronizedGroups = (
				2C1F72012F4993CF00158D3A /* Lumora */,
			);
			name = Lumora;
			packageProductDependencies = (
				2C1F740C2F4E1C6600158D3A /* Alamofire */,
				2C1F76032F549DB600158D3A /* Kingfisher */,
				2CFBDADE2F80259A000E4A09 /* FirebaseAuth */,
				2CFBDAE02F80259A000E4A09 /* FirebaseCore */,
				2CFBDAE22F80259A000E4A09 /* FirebaseCrashlytics */,
				2CFBDAE42F80259A000E4A09 /* FirebaseDatabase */,
				2CFBDAE62F80259A000E4A09 /* FirebaseFirestore */,
				2CFBDAE82F80259A000E4A09 /* FirebaseStorage */,
				2CFBDBB72F8066A9000E4A09 /* GoogleSignIn */,
			);
			productName = Lumora;
			productReference = 2C1F71FF2F4993CF00158D3A /* Lumora.app */;
			productType = "com.apple.product-type.application";
		};
		2CFBD83A2F7947FE000E4A09 /* LumoraUITests */ = {
			isa = PBXNativeTarget;
			buildConfigurationList = 2CFBD8432F7947FE000E4A09 /* Build configuration list for PBXNativeTarget "LumoraUITests" */;
			buildPhases = (
				2CFBD8372F7947FE000E4A09 /* Sources */,
				2CFBD8382F7947FE000E4A09 /* Frameworks */,
				2CFBD8392F7947FE000E4A09 /* Resources */,
			);
			buildRules = (
			);
			dependencies = (
				2CFBD8402F7947FE000E4A09 /* PBXTargetDependency */,
			);
			name = LumoraUITests;
			packageProductDependencies = (
			);
			productName = LumoraUITests;
			productReference = 2CFBD83B2F7947FE000E4A09 /* LumoraUITests.xctest */;
			productType = "com.apple.product-type.bundle.unit-test";
		};
		2CFBD8472F794C4C000E4A09 /* LumoraTests */ = {
			isa = PBXNativeTarget;
			buildConfigurationList = 2CFBD84E2F794C4C000E4A09 /* Build configuration list for PBXNativeTarget "LumoraTests" */;
			buildPhases = (
				2CFBD8442F794C4C000E4A09 /* Sources */,
				2CFBD8452F794C4C000E4A09 /* Frameworks */,
				2CFBD8462F794C4C000E4A09 /* Resources */,
			);
			buildRules = (
			);
			dependencies = (
				2CFBD84D2F794C4C000E4A09 /* PBXTargetDependency */,
			);
			fileSystemSynchronizedGroups = (
				2CFBD8492F794C4C000E4A09 /* LumoraTests */,
			);
			name = LumoraTests;
			packageProductDependencies = (
			);
			productName = LumoraTests;
			productReference = 2CFBD8482F794C4C000E4A09 /* LumoraTests.xctest */;
			productType = "com.apple.product-type.bundle.unit-test";
		};
/* End PBXNativeTarget section */

/* Begin PBXProject section */
		2C1F71F72F4993CF00158D3A /* Project object */ = {
			isa = PBXProject;
			attributes = {
				BuildIndependentTargetsInParallel = 1;
				LastSwiftUpdateCheck = 2630;
				LastUpgradeCheck = 2620;
				TargetAttributes = {
					2C1F71FE2F4993CF00158D3A = {
						CreatedOnToolsVersion = 26.2;
					};
					2CFBD83A2F7947FE000E4A09 = {
						CreatedOnToolsVersion = 26.3;
						TestTargetID = 2C1F71FE2F4993CF00158D3A;
					};
					2CFBD8472F794C4C000E4A09 = {
						CreatedOnToolsVersion = 26.3;
						TestTargetID = 2C1F71FE2F4993CF00158D3A;
					};
				};
			};
			buildConfigurationList = 2C1F71FA2F4993CF00158D3A /* Build configuration list for PBXProject "Lumora" */;
			developmentRegion = en;
			hasScannedForEncodings = 0;
			knownRegions = (
				en,
				Base,
			);
			mainGroup = 2C1F71F62F4993CF00158D3A;
			minimizedProjectReferenceProxies = 1;
			packageReferences = (
				2C1F740B2F4E1C6600158D3A /* XCRemoteSwiftPackageReference "Alamofire" */,
				2C1F76022F549DB600158D3A /* XCRemoteSwiftPackageReference "Kingfisher" */,
				2CFBDADD2F80259A000E4A09 /* XCRemoteSwiftPackageReference "firebase-ios-sdk" */,
				2CFBDBB62F8066A9000E4A09 /* XCRemoteSwiftPackageReference "GoogleSignIn-iOS" */,
			);
			preferredProjectObjectVersion = 77;
			productRefGroup = 2C1F72002F4993CF00158D3A /* Products */;
			projectDirPath = "";
			projectRoot = "";
			targets = (
				2C1F71FE2F4993CF00158D3A /* Lumora */,
				2CFBD83A2F7947FE000E4A09 /* LumoraUITests */,
				2CFBD8472F794C4C000E4A09 /* LumoraTests */,
			);
		};
/* End PBXProject section */

/* Begin PBXResourcesBuildPhase section */
		2C1F71FD2F4993CF00158D3A /* Resources */ = {
			isa = PBXResourcesBuildPhase;
			buildActionMask = 2147483647;
			files = (
			);
			runOnlyForDeploymentPostprocessing = 0;
		};
		2CFBD8392F7947FE000E4A09 /* Resources */ = {
			isa = PBXResourcesBuildPhase;
			buildActionMask = 2147483647;
			files = (
			);
			runOnlyForDeploymentPostprocessing = 0;
		};
		2CFBD8462F794C4C000E4A09 /* Resources */ = {
			isa = PBXResourcesBuildPhase;
			buildActionMask = 2147483647;
			files = (
			);
			runOnlyForDeploymentPostprocessing = 0;
		};
/* End PBXResourcesBuildPhase section */

/* Begin PBXSourcesBuildPhase section */
		2C1F71FB2F4993CF00158D3A /* Sources */ = {
			isa = PBXSourcesBuildPhase;
			buildActionMask = 2147483647;
			files = (
			);
			runOnlyForDeploymentPostprocessing = 0;
		};
		2CFBD8372F7947FE000E4A09 /* Sources */ = {
			isa = PBXSourcesBuildPhase;
			buildActionMask = 2147483647;
			files = (
			);
			runOnlyForDeploymentPostprocessing = 0;
		};
		2CFBD8442F794C4C000E4A09 /* Sources */ = {
			isa = PBXSourcesBuildPhase;
			buildActionMask = 2147483647;
			files = (
			);
			runOnlyForDeploymentPostprocessing = 0;
		};
/* End PBXSourcesBuildPhase section */

/* Begin PBXTargetDependency section */
		2CFBD8402F7947FE000E4A09 /* PBXTargetDependency */ = {
			isa = PBXTargetDependency;
			target = 2C1F71FE2F4993CF00158D3A /* Lumora */;
			targetProxy = 2CFBD83F2F7947FE000E4A09 /* PBXContainerItemProxy */;
		};
		2CFBD84D2F794C4C000E4A09 /* PBXTargetDependency */ = {
			isa = PBXTargetDependency;
			target = 2C1F71FE2F4993CF00158D3A /* Lumora */;
			targetProxy = 2CFBD84C2F794C4C000E4A09 /* PBXContainerItemProxy */;
		};
/* End PBXTargetDependency section */

/* Begin XCBuildConfiguration section */
		2C1F72132F4993D000158D3A /* Debug */ = {
			isa = XCBuildConfiguration;
			buildSettings = {
				ASSETCATALOG_COMPILER_APPICON_NAME = AppIcon;
				ASSETCATALOG_COMPILER_GLOBAL_ACCENT_COLOR_NAME = AccentColor;
				CODE_SIGN_STYLE = Automatic;
				CURRENT_PROJECT_VERSION = 1;
				GENERATE_INFOPLIST_FILE = YES;
				INFOPLIST_FILE = Lumora/Info.plist;
				INFOPLIST_KEY_UIApplicationSupportsIndirectInputEvents = YES;
				INFOPLIST_KEY_UILaunchStoryboardName = LaunchScreen;
				INFOPLIST_KEY_UIMainStoryboardFile = Main;
				INFOPLIST_KEY_UISupportedInterfaceOrientations_iPad = "UIInterfaceOrientationPortrait UIInterfaceOrientationPortraitUpsideDown UIInterfaceOrientationLandscapeLeft UIInterfaceOrientationLandscapeRight";
				INFOPLIST_KEY_UISupportedInterfaceOrientations_iPhone = "UIInterfaceOrientationPortrait UIInterfaceOrientationLandscapeLeft UIInterfaceOrientationLandscapeRight";
				LD_RUNPATH_SEARCH_PATHS = (
					"$(inherited)",
					"@executable_path/Frameworks",
				);
				MARKETING_VERSION = 1.0;
				PRODUCT_BUNDLE_IDENTIFIER = test.Lumora;
				PRODUCT_NAME = "$(TARGET_NAME)";
				STRING_CATALOG_GENERATE_SYMBOLS = YES;
				SWIFT_APPROACHABLE_CONCURRENCY = YES;
				SWIFT_DEFAULT_ACTOR_ISOLATION = MainActor;
				SWIFT_EMIT_LOC_STRINGS = YES;
				SWIFT_UPCOMING_FEATURE_MEMBER_IMPORT_VISIBILITY = YES;
				SWIFT_VERSION = 5.0;
				TARGETED_DEVICE_FAMILY = "1,2";
			};
			name = Debug;
		};
		2C1F72142F4993D000158D3A /* Release */ = {
			isa = XCBuildConfiguration;
			buildSettings = {
				ASSETCATALOG_COMPILER_APPICON_NAME = AppIcon;
				ASSETCATALOG_COMPILER_GLOBAL_ACCENT_COLOR_NAME = AccentColor;
				CODE_SIGN_STYLE = Automatic;
				CURRENT_PROJECT_VERSION = 1;
				GENERATE_INFOPLIST_FILE = YES;
				INFOPLIST_FILE = Lumora/Info.plist;
				INFOPLIST_KEY_UIApplicationSupportsIndirectInputEvents = YES;
				INFOPLIST_KEY_UILaunchStoryboardName = LaunchScreen;
				INFOPLIST_KEY_UIMainStoryboardFile = Main;
				INFOPLIST_KEY_UISupportedInterfaceOrientations_iPad = "UIInterfaceOrientationPortrait UIInterfaceOrientationPortraitUpsideDown UIInterfaceOrientationLandscapeLeft UIInterfaceOrientationLandscapeRight";
				INFOPLIST_KEY_UISupportedInterfaceOrientations_iPhone = "UIInterfaceOrientationPortrait UIInterfaceOrientationLandscapeLeft UIInterfaceOrientationLandscapeRight";
				LD_RUNPATH_SEARCH_PATHS = (
					"$(inherited)",
					"@executable_path/Frameworks",
				);
				MARKETING_VERSION = 1.0;
				PRODUCT_BUNDLE_IDENTIFIER = test.Lumora;
				PRODUCT_NAME = "$(TARGET_NAME)";
				STRING_CATALOG_GENERATE_SYMBOLS = YES;
				SWIFT_APPROACHABLE_CONCURRENCY = YES;
				SWIFT_DEFAULT_ACTOR_ISOLATION = MainActor;
				SWIFT_EMIT_LOC_STRINGS = YES;
				SWIFT_UPCOMING_FEATURE_MEMBER_IMPORT_VISIBILITY = YES;
				SWIFT_VERSION = 5.0;
				TARGETED_DEVICE_FAMILY = "1,2";
			};
			name = Release;
		};
		2C1F72152F4993D000158D3A /* Debug */ = {
			isa = XCBuildConfiguration;
			buildSettings = {
				ALWAYS_SEARCH_USER_PATHS = NO;
				ASSETCATALOG_COMPILER_GENERATE_SWIFT_ASSET_SYMBOL_EXTENSIONS = YES;
				CLANG_ANALYZER_NONNULL = YES;
				CLANG_ANALYZER_NUMBER_OBJECT_CONVERSION = YES_AGGRESSIVE;
				CLANG_CXX_LANGUAGE_STANDARD = "gnu++20";
				CLANG_ENABLE_MODULES = YES;
				CLANG_ENABLE_OBJC_ARC = YES;
				CLANG_ENABLE_OBJC_WEAK = YES;
				CLANG_WARN_BLOCK_CAPTURE_AUTORELEASING = YES;
				CLANG_WARN_BOOL_CONVERSION = YES;
				CLANG_WARN_COMMA = YES;
				CLANG_WARN_CONSTANT_CONVERSION = YES;
				CLANG_WARN_DEPRECATED_OBJC_IMPLEMENTATIONS = YES;
				CLANG_WARN_DIRECT_OBJC_ISA_USAGE = YES_ERROR;
				CLANG_WARN_DOCUMENTATION_COMMENTS = YES;
				CLANG_WARN_EMPTY_BODY = YES;
				CLANG_WARN_ENUM_CONVERSION = YES;
				CLANG_WARN_INFINITE_RECURSION = YES;
				CLANG_WARN_INT_CONVERSION = YES;
				CLANG_WARN_NON_LITERAL_NULL_CONVERSION = YES;
				CLANG_WARN_OBJC_IMPLICIT_RETAIN_SELF = YES;
				CLANG_WARN_OBJC_LITERAL_CONVERSION = YES;
				CLANG_WARN_OBJC_ROOT_CLASS = YES_ERROR;
				CLANG_WARN_QUOTED_INCLUDE_IN_FRAMEWORK_HEADER = YES;
				CLANG_WARN_RANGE_LOOP_ANALYSIS = YES;
				CLANG_WARN_STRICT_PROTOTYPES = YES;
				CLANG_WARN_SUSPICIOUS_MOVE = YES;
				CLANG_WARN_UNGUARDED_AVAILABILITY = YES_AGGRESSIVE;
				CLANG_WARN_UNREACHABLE_CODE = YES;
				CLANG_WARN__DUPLICATE_METHOD_MATCH = YES;
				COPY_PHASE_STRIP = NO;
				DEBUG_INFORMATION_FORMAT = dwarf;
				ENABLE_STRICT_OBJC_MSGSEND = YES;
				ENABLE_TESTABILITY = YES;
				ENABLE_USER_SCRIPT_SANDBOXING = YES;
				GCC_C_LANGUAGE_STANDARD = gnu17;
				GCC_DYNAMIC_NO_PIC = NO;
				GCC_NO_COMMON_BLOCKS = YES;
				GCC_OPTIMIZATION_LEVEL = 0;
				GCC_PREPROCESSOR_DEFINITIONS = (
					"DEBUG=1",
					"$(inherited)",
				);
				GCC_WARN_64_TO_32_BIT_CONVERSION = YES;
				GCC_WARN_ABOUT_RETURN_TYPE = YES_ERROR;
				GCC_WARN_UNDECLARED_SELECTOR = YES;
				GCC_WARN_UNINITIALIZED_AUTOS = YES_AGGRESSIVE;
				GCC_WARN_UNUSED_FUNCTION = YES;
				GCC_WARN_UNUSED_VARIABLE = YES;
				IPHONEOS_DEPLOYMENT_TARGET = 26.2;
				LOCALIZATION_PREFERS_STRING_CATALOGS = YES;
				MTL_ENABLE_DEBUG_INFO = INCLUDE_SOURCE;
				MTL_FAST_MATH = YES;
				ONLY_ACTIVE_ARCH = YES;
				SDKROOT = iphoneos;
				SWIFT_ACTIVE_COMPILATION_CONDITIONS = "DEBUG $(inherited)";
				SWIFT_OPTIMIZATION_LEVEL = "-Onone";
			};
			name = Debug;
		};
		2C1F72162F4993D000158D3A /* Release */ = {
			isa = XCBuildConfiguration;
			buildSettings = {
				ALWAYS_SEARCH_USER_PATHS = NO;
				ASSETCATALOG_COMPILER_GENERATE_SWIFT_ASSET_SYMBOL_EXTENSIONS = YES;
				CLANG_ANALYZER_NONNULL = YES;
				CLANG_ANALYZER_NUMBER_OBJECT_CONVERSION = YES_AGGRESSIVE;
				CLANG_CXX_LANGUAGE_STANDARD = "gnu++20";
				CLANG_ENABLE_MODULES = YES;
				CLANG_ENABLE_OBJC_ARC = YES;
				CLANG_ENABLE_OBJC_WEAK = YES;
				CLANG_WARN_BLOCK_CAPTURE_AUTORELEASING = YES;
				CLANG_WARN_BOOL_CONVERSION = YES;
				CLANG_WARN_COMMA = YES;
				CLANG_WARN_CONSTANT_CONVERSION = YES;
				CLANG_WARN_DEPRECATED_OBJC_IMPLEMENTATIONS = YES;
				CLANG_WARN_DIRECT_OBJC_ISA_USAGE = YES_ERROR;
				CLANG_WARN_DOCUMENTATION_COMMENTS = YES;
				CLANG_WARN_EMPTY_BODY = YES;
				CLANG_WARN_ENUM_CONVERSION = YES;
				CLANG_WARN_INFINITE_RECURSION = YES;
				CLANG_WARN_INT_CONVERSION = YES;
				CLANG_WARN_NON_LITERAL_NULL_CONVERSION = YES;
				CLANG_WARN_OBJC_IMPLICIT_RETAIN_SELF = YES;
				CLANG_WARN_OBJC_LITERAL_CONVERSION = YES;
				CLANG_WARN_OBJC_ROOT_CLASS = YES_ERROR;
				CLANG_WARN_QUOTED_INCLUDE_IN_FRAMEWORK_HEADER = YES;
				CLANG_WARN_RANGE_LOOP_ANALYSIS = YES;
				CLANG_WARN_STRICT_PROTOTYPES = YES;
				CLANG_WARN_SUSPICIOUS_MOVE = YES;
				CLANG_WARN_UNGUARDED_AVAILABILITY = YES_AGGRESSIVE;
				CLANG_WARN_UNREACHABLE_CODE = YES;
				CLANG_WARN__DUPLICATE_METHOD_MATCH = YES;
				COPY_PHASE_STRIP = NO;
				DEBUG_INFORMATION_FORMAT = "dwarf-with-dsym";
				ENABLE_NS_ASSERTIONS = NO;
				ENABLE_STRICT_OBJC_MSGSEND = YES;
				ENABLE_USER_SCRIPT_SANDBOXING = YES;
				GCC_C_LANGUAGE_STANDARD = gnu17;
				GCC_NO_COMMON_BLOCKS = YES;
				GCC_WARN_64_TO_32_BIT_CONVERSION = YES;
				GCC_WARN_ABOUT_RETURN_TYPE = YES_ERROR;
				GCC_WARN_UNDECLARED_SELECTOR = YES;
				GCC_WARN_UNINITIALIZED_AUTOS = YES_AGGRESSIVE;
				GCC_WARN_UNUSED_FUNCTION = YES;
				GCC_WARN_UNUSED_VARIABLE = YES;
				IPHONEOS_DEPLOYMENT_TARGET = 26.2;
				LOCALIZATION_PREFERS_STRING_CATALOGS = YES;
				MTL_ENABLE_DEBUG_INFO = NO;
				MTL_FAST_MATH = YES;
				SDKROOT = iphoneos;
				SWIFT_COMPILATION_MODE = wholemodule;
				VALIDATE_PRODUCT = YES;
			};
			name = Release;
		};
		2CFBD8412F7947FE000E4A09 /* Debug */ = {
			isa = XCBuildConfiguration;
			buildSettings = {
				BUNDLE_LOADER = "$(TEST_HOST)";
				CODE_SIGN_STYLE = Automatic;
				CURRENT_PROJECT_VERSION = 1;
				GENERATE_INFOPLIST_FILE = YES;
				MARKETING_VERSION = 1.0;
				PRODUCT_BUNDLE_IDENTIFIER = test.LumoraUITests;
				PRODUCT_NAME = "$(TARGET_NAME)";
				STRING_CATALOG_GENERATE_SYMBOLS = NO;
				SWIFT_APPROACHABLE_CONCURRENCY = YES;
				SWIFT_EMIT_LOC_STRINGS = NO;
				SWIFT_UPCOMING_FEATURE_MEMBER_IMPORT_VISIBILITY = YES;
				SWIFT_VERSION = 5.0;
				TARGETED_DEVICE_FAMILY = "1,2";
				TEST_HOST = "$(BUILT_PRODUCTS_DIR)/Lumora.app/$(BUNDLE_EXECUTABLE_FOLDER_PATH)/Lumora";
			};
			name = Debug;
		};
		2CFBD8422F7947FE000E4A09 /* Release */ = {
			isa = XCBuildConfiguration;
			buildSettings = {
				BUNDLE_LOADER = "$(TEST_HOST)";
				CODE_SIGN_STYLE = Automatic;
				CURRENT_PROJECT_VERSION = 1;
				GENERATE_INFOPLIST_FILE = YES;
				MARKETING_VERSION = 1.0;
				PRODUCT_BUNDLE_IDENTIFIER = test.LumoraUITests;
				PRODUCT_NAME = "$(TARGET_NAME)";
				STRING_CATALOG_GENERATE_SYMBOLS = NO;
				SWIFT_APPROACHABLE_CONCURRENCY = YES;
				SWIFT_EMIT_LOC_STRINGS = NO;
				SWIFT_UPCOMING_FEATURE_MEMBER_IMPORT_VISIBILITY = YES;
				SWIFT_VERSION = 5.0;
				TARGETED_DEVICE_FAMILY = "1,2";
				TEST_HOST = "$(BUILT_PRODUCTS_DIR)/Lumora.app/$(BUNDLE_EXECUTABLE_FOLDER_PATH)/Lumora";
			};
			name = Release;
		};
		2CFBD84F2F794C4C000E4A09 /* Debug */ = {
			isa = XCBuildConfiguration;
			buildSettings = {
				BUNDLE_LOADER = "$(TEST_HOST)";
				CODE_SIGN_STYLE = Automatic;
				CURRENT_PROJECT_VERSION = 1;
				GENERATE_INFOPLIST_FILE = YES;
				MARKETING_VERSION = 1.0;
				PRODUCT_BUNDLE_IDENTIFIER = test.LumoraTests;
				PRODUCT_NAME = "$(TARGET_NAME)";
				STRING_CATALOG_GENERATE_SYMBOLS = NO;
				SWIFT_APPROACHABLE_CONCURRENCY = YES;
				SWIFT_EMIT_LOC_STRINGS = NO;
				SWIFT_UPCOMING_FEATURE_MEMBER_IMPORT_VISIBILITY = YES;
				SWIFT_VERSION = 5.0;
				TARGETED_DEVICE_FAMILY = "1,2";
				TEST_HOST = "$(BUILT_PRODUCTS_DIR)/Lumora.app/$(BUNDLE_EXECUTABLE_FOLDER_PATH)/Lumora";
			};
			name = Debug;
		};
		2CFBD8502F794C4C000E4A09 /* Release */ = {
			isa = XCBuildConfiguration;
			buildSettings = {
				BUNDLE_LOADER = "$(TEST_HOST)";
				CODE_SIGN_STYLE = Automatic;
				CURRENT_PROJECT_VERSION = 1;
				GENERATE_INFOPLIST_FILE = YES;
				MARKETING_VERSION = 1.0;
				PRODUCT_BUNDLE_IDENTIFIER = test.LumoraTests;
				PRODUCT_NAME = "$(TARGET_NAME)";
				STRING_CATALOG_GENERATE_SYMBOLS = NO;
				SWIFT_APPROACHABLE_CONCURRENCY = YES;
				SWIFT_EMIT_LOC_STRINGS = NO;
				SWIFT_UPCOMING_FEATURE_MEMBER_IMPORT_VISIBILITY = YES;
				SWIFT_VERSION = 5.0;
				TARGETED_DEVICE_FAMILY = "1,2";
				TEST_HOST = "$(BUILT_PRODUCTS_DIR)/Lumora.app/$(BUNDLE_EXECUTABLE_FOLDER_PATH)/Lumora";
			};
			name = Release;
		};
/* End XCBuildConfiguration section */

/* Begin XCConfigurationList section */
		2C1F71FA2F4993CF00158D3A /* Build configuration list for PBXProject "Lumora" */ = {
			isa = XCConfigurationList;
			buildConfigurations = (
				2C1F72152F4993D000158D3A /* Debug */,
				2C1F72162F4993D000158D3A /* Release */,
			);
			defaultConfigurationIsVisible = 0;
			defaultConfigurationName = Release;
		};
		2C1F72122F4993D000158D3A /* Build configuration list for PBXNativeTarget "Lumora" */ = {
			isa = XCConfigurationList;
			buildConfigurations = (
				2C1F72132F4993D000158D3A /* Debug */,
				2C1F72142F4993D000158D3A /* Release */,
			);
			defaultConfigurationIsVisible = 0;
			defaultConfigurationName = Release;
		};
		2CFBD8432F7947FE000E4A09 /* Build configuration list for PBXNativeTarget "LumoraUITests" */ = {
			isa = XCConfigurationList;
			buildConfigurations = (
				2CFBD8412F7947FE000E4A09 /* Debug */,
				2CFBD8422F7947FE000E4A09 /* Release */,
			);
			defaultConfigurationIsVisible = 0;
			defaultConfigurationName = Release;
		};
		2CFBD84E2F794C4C000E4A09 /* Build configuration list for PBXNativeTarget "LumoraTests" */ = {
			isa = XCConfigurationList;
			buildConfigurations = (
				2CFBD84F2F794C4C000E4A09 /* Debug */,
				2CFBD8502F794C4C000E4A09 /* Release */,
			);
			defaultConfigurationIsVisible = 0;
			defaultConfigurationName = Release;
		};
/* End XCConfigurationList section */

/* Begin XCRemoteSwiftPackageReference section */
		2C1F740B2F4E1C6600158D3A /* XCRemoteSwiftPackageReference "Alamofire" */ = {
			isa = XCRemoteSwiftPackageReference;
			repositoryURL = "https://github.com/Alamofire/Alamofire.git";
			requirement = {
				kind = upToNextMajorVersion;
				minimumVersion = 5.11.1;
			};
		};
		2C1F76022F549DB600158D3A /* XCRemoteSwiftPackageReference "Kingfisher" */ = {
			isa = XCRemoteSwiftPackageReference;
			repositoryURL = "https://github.com/onevcat/Kingfisher.git";
			requirement = {
				kind = upToNextMajorVersion;
				minimumVersion = 8.7.0;
			};
		};
		2CFBDADD2F80259A000E4A09 /* XCRemoteSwiftPackageReference "firebase-ios-sdk" */ = {
			isa = XCRemoteSwiftPackageReference;
			repositoryURL = "https://github.com/firebase/firebase-ios-sdk";
			requirement = {
				kind = upToNextMajorVersion;
				minimumVersion = 12.11.0;
			};
		};
		2CFBDBB62F8066A9000E4A09 /* XCRemoteSwiftPackageReference "GoogleSignIn-iOS" */ = {
			isa = XCRemoteSwiftPackageReference;
			repositoryURL = "https://github.com/google/GoogleSignIn-iOS";
			requirement = {
				kind = upToNextMajorVersion;
				minimumVersion = 9.1.0;
			};
		};
/* End XCRemoteSwiftPackageReference section */

/* Begin XCSwiftPackageProductDependency section */
		2C1F740C2F4E1C6600158D3A /* Alamofire */ = {
			isa = XCSwiftPackageProductDependency;
			package = 2C1F740B2F4E1C6600158D3A /* XCRemoteSwiftPackageReference "Alamofire" */;
			productName = Alamofire;
		};
		2C1F76032F549DB600158D3A /* Kingfisher */ = {
			isa = XCSwiftPackageProductDependency;
			package = 2C1F76022F549DB600158D3A /* XCRemoteSwiftPackageReference "Kingfisher" */;
			productName = Kingfisher;
		};
		2CFBDADE2F80259A000E4A09 /* FirebaseAuth */ = {
			isa = XCSwiftPackageProductDependency;
			package = 2CFBDADD2F80259A000E4A09 /* XCRemoteSwiftPackageReference "firebase-ios-sdk" */;
			productName = FirebaseAuth;
		};
		2CFBDAE02F80259A000E4A09 /* FirebaseCore */ = {
			isa = XCSwiftPackageProductDependency;
			package = 2CFBDADD2F80259A000E4A09 /* XCRemoteSwiftPackageReference "firebase-ios-sdk" */;
			productName = FirebaseCore;
		};
		2CFBDAE22F80259A000E4A09 /* FirebaseCrashlytics */ = {
			isa = XCSwiftPackageProductDependency;
			package = 2CFBDADD2F80259A000E4A09 /* XCRemoteSwiftPackageReference "firebase-ios-sdk" */;
			productName = FirebaseCrashlytics;
		};
		2CFBDAE42F80259A000E4A09 /* FirebaseDatabase */ = {
			isa = XCSwiftPackageProductDependency;
			package = 2CFBDADD2F80259A000E4A09 /* XCRemoteSwiftPackageReference "firebase-ios-sdk" */;
			productName = FirebaseDatabase;
		};
		2CFBDAE62F80259A000E4A09 /* FirebaseFirestore */ = {
			isa = XCSwiftPackageProductDependency;
			package = 2CFBDADD2F80259A000E4A09 /* XCRemoteSwiftPackageReference "firebase-ios-sdk" */;
			productName = FirebaseFirestore;
		};
		2CFBDAE82F80259A000E4A09 /* FirebaseStorage */ = {
			isa = XCSwiftPackageProductDependency;
			package = 2CFBDADD2F80259A000E4A09 /* XCRemoteSwiftPackageReference "firebase-ios-sdk" */;
			productName = FirebaseStorage;
		};
		2CFBDBB72F8066A9000E4A09 /* GoogleSignIn */ = {
			isa = XCSwiftPackageProductDependency;
			package = 2CFBDBB62F8066A9000E4A09 /* XCRemoteSwiftPackageReference "GoogleSignIn-iOS" */;
			productName = GoogleSignIn;
		};
/* End XCSwiftPackageProductDependency section */
	};
	rootObject = 2C1F71F72F4993CF00158D3A /* Project object */;
}
